
Microsoft Visual Studio Solution File, Format Version 12.00
# Visual Studio Version 17
VisualStudioVersion = 17.14.36401.2 d17.14
MinimumVisualStudioVersion = 10.0.40219.1
Project("{FAE04EC0-301F-11D3-BF4B-00C04F79EFBC}") = "Capa.Entidad", "Capa.Entidad\Capa.Entidad.csproj", "{D1F38D30-761F-4A0F-A059-7BAED0F4E1F7}"
EndProject
Project("{FAE04EC0-301F-11D3-BF4B-00C04F79EFBC}") = "Capa.AccesoDatos", "Capa.AccesoDatos\Capa.AccesoDatos.csproj", "{079634A6-A978-4204-9FD1-55E43A9808D6}"
EndProject
Project("{FAE04EC0-301F-11D3-BF4B-00C04F79EFBC}") = "Capa.LogicaNegocio", "Capa.LogicaNegocio\Capa.LogicaNegocio.csproj", "{72311825-4528-4327-A5FA-77F413BD1BE4}"
EndProject
Project("{FAE04EC0-301F-11D3-BF4B-00C04F79EFBC}") = "Capa.Web", "Capa.Web\Capa.Web.csproj", "{667A6F34-4B51-4786-B444-D91B61E98DF7}"
EndProject
Global
	GlobalSection(SolutionConfigurationPlatforms) = preSolution
		Debug|Any CPU = Debug|Any CPU
		Release|Any CPU = Release|Any CPU
	EndGlobalSection
	GlobalSection(ProjectConfigurationPlatforms) = postSolution
		{D1F38D30-761F-4A0F-A059-7BAED0F4E1F7}.Debug|Any CPU.ActiveCfg = Debug|Any CPU
		{D1F38D30-761F-4A0F-A059-7BAED0F4E1F7}.Debug|Any CPU.Build.0 = Debug|Any CPU
		{D1F38D30-761F-4A0F-A059-7BAED0F4E1F7}.Release|Any CPU.ActiveCfg = Release|Any CPU
		{D1F38D30-761F-4A0F-A059-7BAED0F4E1F7}.Release|Any CPU.Build.0 = Release|Any CPU
		{079634A6-A978-4204-9FD1-55E43A9808D6}.Debug|Any CPU.ActiveCfg = Debug|Any CPU
		{079634A6-A978-4204-9FD1-55E43A9808D6}.Debug|Any CPU.Build.0 = Debug|Any CPU
		{079634A6-A978-4204-9FD1-55E43A9808D6}.Release|Any CPU.ActiveCfg = Release|Any CPU
		{079634A6-A978-4204-9FD1-55E43A9808D6}.Release|Any CPU.Build.0 = Release|Any CPU
		{72311825-4528-4327-A5FA-77F413BD1BE4}.Debug|Any CPU.ActiveCfg = Debug|Any CPU
		{72311825-4528-4327-A5FA-77F413BD1BE4}.Debug|Any CPU.Build.0 = Debug|Any CPU
		{72311825-4528-4327-A5FA-77F413BD1BE4}.Release|Any CPU.ActiveCfg = Release|Any CPU
		{72311825-4528-4327-A5FA-77F413BD1BE4}.Release|Any CPU.Build.0 = Release|Any CPU
		{667A6F34-4B51-4786-B444-D91B61E98DF7}.Debug|Any CPU.ActiveCfg = Debug|Any CPU
		{667A6F34-4B51-4786-B444-D91B61E98DF7}.Debug|Any CPU.Build.0 = Debug|Any CPU
		{667A6F34-4B51-4786-B444-D91B61E98DF7}.Release|Any CPU.ActiveCfg = Release|Any CPU
		{667A6F34-4B51-4786-B444-D91B61E98DF7}.Release|Any CPU.Build.0 = Release|Any CPU
	EndGlobalSection
	GlobalSection(SolutionProperties) = preSolution
		HideSolutionNode = FALSE
	EndGlobalSection
	GlobalSection(ExtensibilityGlobals) = postSolution
		SolutionGuid = {86C98BE3-D603-450E-A9CB-2560ACF4EDCD}
	EndGlobalSection
EndGlobal
